
Microsoft Visual Studio Solution File, Format Version 12.00
# Visual Studio 15
VisualStudioVersion = 15.0.26730.15
MinimumVisualStudioVersion = 10.0.40219.1
Project("{9A19103F-16F7-4668-BE54-9A1E7A4F7556}") = "Core2APIExercise", "Core2APIExercise\Core2APIExercise.csproj", "{D003F2D0-C9A6-4CD6-9AC4-BCEC16C86D8E}"
EndProject
Project("{9A19103F-16F7-4668-BE54-9A1E7A4F7556}") = "Core2APIExercise.BaseTest", "Core2APIExercise.xTest\Core2APIExercise.BaseTest.csproj", "{2184E242-01A8-4802-9D04-33C09476241E}"
EndProject
Project("{9A19103F-16F7-4668-BE54-9A1E7A4F7556}") = "Core2APIExercise.Common", "Core2APIExercise.Common\Core2APIExercise.Common.csproj", "{F2DC38C1-827F-4B61-81DB-72DDE16C32A2}"
EndProject
Project("{9A19103F-16F7-4668-BE54-9A1E7A4F7556}") = "Core2APIExercise.Data", "Core2APIExercise.Data\Core2APIExercise.Data.csproj", "{D671736C-D687-4726-92BB-35517B404BE9}"
EndProject
Project("{FAE04EC0-301F-11D3-BF4B-00C04F79EFBC}") = "Core2APIExercise.UnitTest", "Core2APIExercise.UnitTest\Core2APIExercise.UnitTest.csproj", "{EC414349-FDA1-4D41-8B4D-4BCB57852A28}"
EndProject
Global
	GlobalSection(SolutionConfigurationPlatforms) = preSolution
		Debug|Any CPU = Debug|Any CPU
		Release|Any CPU = Release|Any CPU
	EndGlobalSection
	GlobalSection(ProjectConfigurationPlatforms) = postSolution
		{D003F2D0-C9A6-4CD6-9AC4-BCEC16C86D8E}.Debug|Any CPU.ActiveCfg = Debug|Any CPU
		{D003F2D0-C9A6-4CD6-9AC4-BCEC16C86D8E}.Debug|Any CPU.Build.0 = Debug|Any CPU
		{D003F2D0-C9A6-4CD6-9AC4-BCEC16C86D8E}.Release|Any CPU.ActiveCfg = Release|Any CPU
		{D003F2D0-C9A6-4CD6-9AC4-BCEC16C86D8E}.Release|Any CPU.Build.0 = Release|Any CPU
		{2184E242-01A8-4802-9D04-33C09476241E}.Debug|Any CPU.ActiveCfg = Debug|Any CPU
		{2184E242-01A8-4802-9D04-33C09476241E}.Debug|Any CPU.Build.0 = Debug|Any CPU
		{2184E242-01A8-4802-9D04-33C09476241E}.Release|Any CPU.ActiveCfg = Release|Any CPU
		{2184E242-01A8-4802-9D04-33C09476241E}.Release|Any CPU.Build.0 = Release|Any CPU
		{F2DC38C1-827F-4B61-81DB-72DDE16C32A2}.Debug|Any CPU.ActiveCfg = Debug|Any CPU
		{F2DC38C1-827F-4B61-81DB-72DDE16C32A2}.Debug|Any CPU.Build.0 = Debug|Any CPU
		{F2DC38C1-827F-4B61-81DB-72DDE16C32A2}.Release|Any CPU.ActiveCfg = Release|Any CPU
		{F2DC38C1-827F-4B61-81DB-72DDE16C32A2}.Release|Any CPU.Build.0 = Release|Any CPU
		{D671736C-D687-4726-92BB-35517B404BE9}.Debug|Any CPU.ActiveCfg = Debug|Any CPU
		{D671736C-D687-4726-92BB-35517B404BE9}.Debug|Any CPU.Build.0 = Debug|Any CPU
		{D671736C-D687-4726-92BB-35517B404BE9}.Release|Any CPU.ActiveCfg = Release|Any CPU
		{D671736C-D687-4726-92BB-35517B404BE9}.Release|Any CPU.Build.0 = Release|Any CPU
		{EC414349-FDA1-4D41-8B4D-4BCB57852A28}.Debug|Any CPU.ActiveCfg = Debug|Any CPU
		{EC414349-FDA1-4D41-8B4D-4BCB57852A28}.Debug|Any CPU.Build.0 = Debug|Any CPU
		{EC414349-FDA1-4D41-8B4D-4BCB57852A28}.Release|Any CPU.ActiveCfg = Release|Any CPU
		{EC414349-FDA1-4D41-8B4D-4BCB57852A28}.Release|Any CPU.Build.0 = Release|Any CPU
	EndGlobalSection
	GlobalSection(SolutionProperties) = preSolution
		HideSolutionNode = FALSE
	EndGlobalSection
	GlobalSection(ExtensibilityGlobals) = postSolution
		SolutionGuid = {13313AC1-9EFC-4BEF-A254-3943BAF9B906}
	EndGlobalSection
EndGlobal
